// !$*UTF8*$!
{
	archiveVersion = 1;
	classes = {
	};
	objectVersion = 50;
	objects = {

/* Begin PBXBuildFile section */
		32D6B92E23109CFE006E75B2 /* AppDelegate.swift in Sources */ = {isa = PBXBuildFile; fileRef = 32D6B92D23109CFE006E75B2 /* AppDelegate.swift */; };
		32D6B93023109CFE006E75B2 /* ReceiptListViewController.swift in Sources */ = {isa = PBXBuildFile; fileRef = 32D6B92F23109CFE006E75B2 /* ReceiptListViewController.swift */; };
		32D6B93323109CFE006E75B2 /* ReceiptList.storyboard in Resources */ = {isa = PBXBuildFile; fileRef = 32D6B93123109CFE006E75B2 /* ReceiptList.storyboard */; };
		32D6B93523109D00006E75B2 /* Assets.xcassets in Resources */ = {isa = PBXBuildFile; fileRef = 32D6B93423109D00006E75B2 /* Assets.xcassets */; };
		32D6B93823109D00006E75B2 /* LaunchScreen.storyboard in Resources */ = {isa = PBXBuildFile; fileRef = 32D6B93623109D00006E75B2 /* LaunchScreen.storyboard */; };
		32D6B94423141E4C006E75B2 /* Receipt Tracking.xcdatamodeld in Sources */ = {isa = PBXBuildFile; fileRef = 32D6B94223141E4C006E75B2 /* Receipt Tracking.xcdatamodeld */; };
		32D6B94723142444006E75B2 /* CoreDataStack.swift in Sources */ = {isa = PBXBuildFile; fileRef = 32D6B94623142444006E75B2 /* CoreDataStack.swift */; };
		32D6B94923142526006E75B2 /* Receipt+Convenience.swift in Sources */ = {isa = PBXBuildFile; fileRef = 32D6B94823142526006E75B2 /* Receipt+Convenience.swift */; };
		32D6B94B23142864006E75B2 /* ReceiptRepresentation.swift in Sources */ = {isa = PBXBuildFile; fileRef = 32D6B94A23142864006E75B2 /* ReceiptRepresentation.swift */; };
		32D6B94D23143F99006E75B2 /* LoginViewController.swift in Sources */ = {isa = PBXBuildFile; fileRef = 32D6B94C23143F99006E75B2 /* LoginViewController.swift */; };
		32D6B95023144177006E75B2 /* Login.storyboard in Resources */ = {isa = PBXBuildFile; fileRef = 32D6B94E23144177006E75B2 /* Login.storyboard */; };
		32D6B9522314423E006E75B2 /* ReceiptDetailViewController.swift in Sources */ = {isa = PBXBuildFile; fileRef = 32D6B9512314423E006E75B2 /* ReceiptDetailViewController.swift */; };
		32D6B9552314426F006E75B2 /* ReceiptDetail.storyboard in Resources */ = {isa = PBXBuildFile; fileRef = 32D6B9532314426F006E75B2 /* ReceiptDetail.storyboard */; };
		32D6B957231442F1006E75B2 /* AddReceiptViewController.swift in Sources */ = {isa = PBXBuildFile; fileRef = 32D6B956231442F1006E75B2 /* AddReceiptViewController.swift */; };
		32D6B95923144382006E75B2 /* AddReceipt.storyboard in Resources */ = {isa = PBXBuildFile; fileRef = 32D6B95823144382006E75B2 /* AddReceipt.storyboard */; };
		32D6B95B231445F9006E75B2 /* ReceiptController.swift in Sources */ = {isa = PBXBuildFile; fileRef = 32D6B95A231445F9006E75B2 /* ReceiptController.swift */; };
		32D6B97623149DE7006E75B2 /* EditReceiptViewController.swift in Sources */ = {isa = PBXBuildFile; fileRef = 32D6B97523149DE7006E75B2 /* EditReceiptViewController.swift */; };
		32D6B9792314A089006E75B2 /* UserRepresentation.swift in Sources */ = {isa = PBXBuildFile; fileRef = 32D6B9782314A089006E75B2 /* UserRepresentation.swift */; };
		32D6B97B2314A145006E75B2 /* User+Convenience.swift in Sources */ = {isa = PBXBuildFile; fileRef = 32D6B97A2314A145006E75B2 /* User+Convenience.swift */; };
		32D6B97D2314A2CA006E75B2 /* UserController.swift in Sources */ = {isa = PBXBuildFile; fileRef = 32D6B97C2314A2CA006E75B2 /* UserController.swift */; };
		32D6B97F2314A404006E75B2 /* KeychainItemAccessibility.swift in Sources */ = {isa = PBXBuildFile; fileRef = 32D6B97E2314A404006E75B2 /* KeychainItemAccessibility.swift */; };
		32D6B9812314A43C006E75B2 /* KeychainWrapper.swift in Sources */ = {isa = PBXBuildFile; fileRef = 32D6B9802314A43C006E75B2 /* KeychainWrapper.swift */; };
		32D6B9872314B433006E75B2 /* UserDefaultsHelper.swift in Sources */ = {isa = PBXBuildFile; fileRef = 32D6B9862314B433006E75B2 /* UserDefaultsHelper.swift */; };
		32D6B9892314B548006E75B2 /* EditReceipt.storyboard in Resources */ = {isa = PBXBuildFile; fileRef = 32D6B9882314B548006E75B2 /* EditReceipt.storyboard */; };
		3834CCFB23146A2F007CB528 /* ColorKey.swift in Sources */ = {isa = PBXBuildFile; fileRef = 3834CCFA23146A2F007CB528 /* ColorKey.swift */; };
		38C00DDA2314BA53002E0B56 /* AddView.swift in Sources */ = {isa = PBXBuildFile; fileRef = 38C00DD92314BA53002E0B56 /* AddView.swift */; };
		38C2012D2314713E00775092 /* LoginView.swift in Sources */ = {isa = PBXBuildFile; fileRef = 38C2012C2314713E00775092 /* LoginView.swift */; };
		DD52199F2314723500D64D22 /* ReceiptTableViewCell.swift in Sources */ = {isa = PBXBuildFile; fileRef = DD52199E2314723500D64D22 /* ReceiptTableViewCell.swift */; };
/* End PBXBuildFile section */

/* Begin PBXFileReference section */
		32A0A69E2317878D0049BD9C /* Receipt Tracking 4.xcdatamodel */ = {isa = PBXFileReference; lastKnownFileType = wrapper.xcdatamodel; path = "Receipt Tracking 4.xcdatamodel"; sourceTree = "<group>"; };
		32D6B92A23109CFE006E75B2 /* Receipt Tracking.app */ = {isa = PBXFileReference; explicitFileType = wrapper.application; includeInIndex = 0; path = "Receipt Tracking.app"; sourceTree = BUILT_PRODUCTS_DIR; };
		32D6B92D23109CFE006E75B2 /* AppDelegate.swift */ = {isa = PBXFileReference; lastKnownFileType = sourcecode.swift; path = AppDelegate.swift; sourceTree = "<group>"; };
		32D6B92F23109CFE006E75B2 /* ReceiptListViewController.swift */ = {isa = PBXFileReference; lastKnownFileType = sourcecode.swift; path = ReceiptListViewController.swift; sourceTree = "<group>"; };
		32D6B93223109CFE006E75B2 /* Base */ = {isa = PBXFileReference; lastKnownFileType = file.storyboard; name = Base; path = Base.lproj/ReceiptList.storyboard; sourceTree = "<group>"; };
		32D6B93423109D00006E75B2 /* Assets.xcassets */ = {isa = PBXFileReference; lastKnownFileType = folder.assetcatalog; path = Assets.xcassets; sourceTree = "<group>"; };
		32D6B93723109D00006E75B2 /* Base */ = {isa = PBXFileReference; lastKnownFileType = file.storyboard; name = Base; path = Base.lproj/LaunchScreen.storyboard; sourceTree = "<group>"; };
		32D6B93923109D00006E75B2 /* Info.plist */ = {isa = PBXFileReference; lastKnownFileType = text.plist.xml; path = Info.plist; sourceTree = "<group>"; };
		32D6B94323141E4C006E75B2 /* Receipt Tracking.xcdatamodel */ = {isa = PBXFileReference; lastKnownFileType = wrapper.xcdatamodel; path = "Receipt Tracking.xcdatamodel"; sourceTree = "<group>"; };
		32D6B94623142444006E75B2 /* CoreDataStack.swift */ = {isa = PBXFileReference; lastKnownFileType = sourcecode.swift; path = CoreDataStack.swift; sourceTree = "<group>"; };
		32D6B94823142526006E75B2 /* Receipt+Convenience.swift */ = {isa = PBXFileReference; lastKnownFileType = sourcecode.swift; path = "Receipt+Convenience.swift"; sourceTree = "<group>"; };
		32D6B94A23142864006E75B2 /* ReceiptRepresentation.swift */ = {isa = PBXFileReference; lastKnownFileType = sourcecode.swift; path = ReceiptRepresentation.swift; sourceTree = "<group>"; };
		32D6B94C23143F99006E75B2 /* LoginViewController.swift */ = {isa = PBXFileReference; lastKnownFileType = sourcecode.swift; path = LoginViewController.swift; sourceTree = "<group>"; };
		32D6B94F23144177006E75B2 /* Base */ = {isa = PBXFileReference; lastKnownFileType = file.storyboard; name = Base; path = "Receipt Tracking/Views/Base.lproj/Login.storyboard"; sourceTree = "<group>"; };
		32D6B9512314423E006E75B2 /* ReceiptDetailViewController.swift */ = {isa = PBXFileReference; lastKnownFileType = sourcecode.swift; path = ReceiptDetailViewController.swift; sourceTree = "<group>"; };
		32D6B9542314426F006E75B2 /* Base */ = {isa = PBXFileReference; lastKnownFileType = file.storyboard; name = Base; path = "Receipt Tracking/Views/Base.lproj/ReceiptDetail.storyboard"; sourceTree = "<group>"; };
		32D6B956231442F1006E75B2 /* AddReceiptViewController.swift */ = {isa = PBXFileReference; lastKnownFileType = sourcecode.swift; path = AddReceiptViewController.swift; sourceTree = "<group>"; };
		32D6B95823144382006E75B2 /* AddReceipt.storyboard */ = {isa = PBXFileReference; fileEncoding = 4; lastKnownFileType = file.storyboard; path = AddReceipt.storyboard; sourceTree = "<group>"; };
		32D6B95A231445F9006E75B2 /* ReceiptController.swift */ = {isa = PBXFileReference; lastKnownFileType = sourcecode.swift; path = ReceiptController.swift; sourceTree = "<group>"; };
		32D6B97523149DE7006E75B2 /* EditReceiptViewController.swift */ = {isa = PBXFileReference; lastKnownFileType = sourcecode.swift; path = EditReceiptViewController.swift; sourceTree = "<group>"; };
		32D6B97723149F95006E75B2 /* Receipt Tracking 2.xcdatamodel */ = {isa = PBXFileReference; lastKnownFileType = wrapper.xcdatamodel; path = "Receipt Tracking 2.xcdatamodel"; sourceTree = "<group>"; };
		32D6B9782314A089006E75B2 /* UserRepresentation.swift */ = {isa = PBXFileReference; lastKnownFileType = sourcecode.swift; path = UserRepresentation.swift; sourceTree = "<group>"; };
		32D6B97A2314A145006E75B2 /* User+Convenience.swift */ = {isa = PBXFileReference; lastKnownFileType = sourcecode.swift; path = "User+Convenience.swift"; sourceTree = "<group>"; };
		32D6B97C2314A2CA006E75B2 /* UserController.swift */ = {isa = PBXFileReference; lastKnownFileType = sourcecode.swift; name = UserController.swift; path = ../Model/UserController.swift; sourceTree = "<group>"; };
		32D6B97E2314A404006E75B2 /* KeychainItemAccessibility.swift */ = {isa = PBXFileReference; lastKnownFileType = sourcecode.swift; path = KeychainItemAccessibility.swift; sourceTree = "<group>"; };
		32D6B9802314A43C006E75B2 /* KeychainWrapper.swift */ = {isa = PBXFileReference; lastKnownFileType = sourcecode.swift; path = KeychainWrapper.swift; sourceTree = "<group>"; };
		32D6B9862314B433006E75B2 /* UserDefaultsHelper.swift */ = {isa = PBXFileReference; lastKnownFileType = sourcecode.swift; path = UserDefaultsHelper.swift; sourceTree = "<group>"; };
		32D6B9882314B548006E75B2 /* EditReceipt.storyboard */ = {isa = PBXFileReference; lastKnownFileType = file.storyboard; path = EditReceipt.storyboard; sourceTree = "<group>"; };
		32D6B98C2315BFFC006E75B2 /* Receipt Tracking 3.xcdatamodel */ = {isa = PBXFileReference; lastKnownFileType = wrapper.xcdatamodel; path = "Receipt Tracking 3.xcdatamodel"; sourceTree = "<group>"; };
		3834CCFA23146A2F007CB528 /* ColorKey.swift */ = {isa = PBXFileReference; lastKnownFileType = sourcecode.swift; path = ColorKey.swift; sourceTree = "<group>"; };
		38C00DD92314BA53002E0B56 /* AddView.swift */ = {isa = PBXFileReference; lastKnownFileType = sourcecode.swift; path = AddView.swift; sourceTree = "<group>"; };
		38C2012C2314713E00775092 /* LoginView.swift */ = {isa = PBXFileReference; lastKnownFileType = sourcecode.swift; path = LoginView.swift; sourceTree = "<group>"; };
		DD52199E2314723500D64D22 /* ReceiptTableViewCell.swift */ = {isa = PBXFileReference; lastKnownFileType = sourcecode.swift; path = ReceiptTableViewCell.swift; sourceTree = "<group>"; };
/* End PBXFileReference section */

/* Begin PBXFrameworksBuildPhase section */
		32D6B92723109CFE006E75B2 /* Frameworks */ = {
			isa = PBXFrameworksBuildPhase;
			buildActionMask = 2147483647;
			files = (
			);
			runOnlyForDeploymentPostprocessing = 0;
		};
/* End PBXFrameworksBuildPhase section */

/* Begin PBXGroup section */
		32D6B92123109CFE006E75B2 = {
			isa = PBXGroup;
			children = (
				32D6B92C23109CFE006E75B2 /* Receipt Tracking */,
				32D6B92B23109CFE006E75B2 /* Products */,
			);
			sourceTree = "<group>";
		};
		32D6B92B23109CFE006E75B2 /* Products */ = {
			isa = PBXGroup;
			children = (
				32D6B92A23109CFE006E75B2 /* Receipt Tracking.app */,
			);
			name = Products;
			sourceTree = "<group>";
		};
		32D6B92C23109CFE006E75B2 /* Receipt Tracking */ = {
			isa = PBXGroup;
			children = (
				32D6B94523141E55006E75B2 /* Model */,
				32D6B95C231445FE006E75B2 /* ModelControllers */,
				32D6B94123141E15006E75B2 /* Views */,
				32D6B94023141E0A006E75B2 /* View Controllers */,
				3834CCFC23146A34007CB528 /* Keys */,
				32D6B96E23149B63006E75B2 /* Libraries */,
				32D6B9852314AC4E006E75B2 /* Helpers */,
				32D6B93F23141DE5006E75B2 /* Resources */,
			);
			path = "Receipt Tracking";
			sourceTree = "<group>";
		};
		32D6B93F23141DE5006E75B2 /* Resources */ = {
			isa = PBXGroup;
			children = (
				32D6B92D23109CFE006E75B2 /* AppDelegate.swift */,
				32D6B93423109D00006E75B2 /* Assets.xcassets */,
				32D6B93923109D00006E75B2 /* Info.plist */,
			);
			path = Resources;
			sourceTree = "<group>";
		};
		32D6B94023141E0A006E75B2 /* View Controllers */ = {
			isa = PBXGroup;
			children = (
				32D6B92F23109CFE006E75B2 /* ReceiptListViewController.swift */,
				32D6B94C23143F99006E75B2 /* LoginViewController.swift */,
				32D6B9512314423E006E75B2 /* ReceiptDetailViewController.swift */,
				32D6B956231442F1006E75B2 /* AddReceiptViewController.swift */,
				DD52199E2314723500D64D22 /* ReceiptTableViewCell.swift */,
				32D6B97523149DE7006E75B2 /* EditReceiptViewController.swift */,
			);
			path = "View Controllers";
			sourceTree = "<group>";
		};
		32D6B94123141E15006E75B2 /* Views */ = {
			isa = PBXGroup;
			children = (
				32D6B94E23144177006E75B2 /* Login.storyboard */,
				32D6B93123109CFE006E75B2 /* ReceiptList.storyboard */,
				32D6B95823144382006E75B2 /* AddReceipt.storyboard */,
				32D6B93623109D00006E75B2 /* LaunchScreen.storyboard */,
				32D6B9532314426F006E75B2 /* ReceiptDetail.storyboard */,
				32D6B9882314B548006E75B2 /* EditReceipt.storyboard */,
			);
			path = Views;
			sourceTree = "<group>";
		};
		32D6B94523141E55006E75B2 /* Model */ = {
			isa = PBXGroup;
			children = (
				32D6B94223141E4C006E75B2 /* Receipt Tracking.xcdatamodeld */,
				32D6B94623142444006E75B2 /* CoreDataStack.swift */,
				32D6B94823142526006E75B2 /* Receipt+Convenience.swift */,
				32D6B94A23142864006E75B2 /* ReceiptRepresentation.swift */,
				32D6B9782314A089006E75B2 /* UserRepresentation.swift */,
				32D6B97A2314A145006E75B2 /* User+Convenience.swift */,
			);
			path = Model;
			sourceTree = "<group>";
		};
		32D6B95C231445FE006E75B2 /* ModelControllers */ = {
			isa = PBXGroup;
			children = (
				32D6B95A231445F9006E75B2 /* ReceiptController.swift */,
				32D6B97C2314A2CA006E75B2 /* UserController.swift */,
			);
			path = ModelControllers;
			sourceTree = "<group>";
		};
		32D6B96E23149B63006E75B2 /* Libraries */ = {
			isa = PBXGroup;
			children = (
				32D6B97E2314A404006E75B2 /* KeychainItemAccessibility.swift */,
				32D6B9802314A43C006E75B2 /* KeychainWrapper.swift */,
			);
			path = Libraries;
			sourceTree = "<group>";
		};
		32D6B9852314AC4E006E75B2 /* Helpers */ = {
			isa = PBXGroup;
			children = (
				32D6B9862314B433006E75B2 /* UserDefaultsHelper.swift */,
			);
			path = Helpers;
			sourceTree = "<group>";
		};
		3834CCFC23146A34007CB528 /* Keys */ = {
			isa = PBXGroup;
			children = (
				3834CCFA23146A2F007CB528 /* ColorKey.swift */,
				38C2012C2314713E00775092 /* LoginView.swift */,
				38C00DD92314BA53002E0B56 /* AddView.swift */,
			);
			path = Keys;
			sourceTree = "<group>";
		};
/* End PBXGroup section */

/* Begin PBXNativeTarget section */
		32D6B92923109CFE006E75B2 /* Receipt Tracking */ = {
			isa = PBXNativeTarget;
			buildConfigurationList = 32D6B93C23109D00006E75B2 /* Build configuration list for PBXNativeTarget "Receipt Tracking" */;
			buildPhases = (
				32D6B92623109CFE006E75B2 /* Sources */,
				32D6B92723109CFE006E75B2 /* Frameworks */,
				32D6B92823109CFE006E75B2 /* Resources */,
			);
			buildRules = (
			);
			dependencies = (
			);
			name = "Receipt Tracking";
			productName = "Receipt Tracking";
			productReference = 32D6B92A23109CFE006E75B2 /* Receipt Tracking.app */;
			productType = "com.apple.product-type.application";
		};
/* End PBXNativeTarget section */

/* Begin PBXProject section */
		32D6B92223109CFE006E75B2 /* Project object */ = {
			isa = PBXProject;
			attributes = {
				LastSwiftUpdateCheck = 1030;
				LastUpgradeCheck = 1030;
				ORGANIZATIONNAME = "jake connerly";
				TargetAttributes = {
					32D6B92923109CFE006E75B2 = {
						CreatedOnToolsVersion = 10.3;
					};
				};
			};
			buildConfigurationList = 32D6B92523109CFE006E75B2 /* Build configuration list for PBXProject "Receipt Tracking" */;
			compatibilityVersion = "Xcode 9.3";
			developmentRegion = en;
			hasScannedForEncodings = 0;
			knownRegions = (
				en,
				Base,
			);
			mainGroup = 32D6B92123109CFE006E75B2;
			productRefGroup = 32D6B92B23109CFE006E75B2 /* Products */;
			projectDirPath = "";
			projectRoot = "";
			targets = (
				32D6B92923109CFE006E75B2 /* Receipt Tracking */,
			);
		};
/* End PBXProject section */

/* Begin PBXResourcesBuildPhase section */
		32D6B92823109CFE006E75B2 /* Resources */ = {
			isa = PBXResourcesBuildPhase;
			buildActionMask = 2147483647;
			files = (
				32D6B9552314426F006E75B2 /* ReceiptDetail.storyboard in Resources */,
				32D6B95023144177006E75B2 /* Login.storyboard in Resources */,
				32D6B93823109D00006E75B2 /* LaunchScreen.storyboard in Resources */,
				32D6B95923144382006E75B2 /* AddReceipt.storyboard in Resources */,
				32D6B93523109D00006E75B2 /* Assets.xcassets in Resources */,
				32D6B9892314B548006E75B2 /* EditReceipt.storyboard in Resources */,
				32D6B93323109CFE006E75B2 /* ReceiptList.storyboard in Resources */,
			);
			runOnlyForDeploymentPostprocessing = 0;
		};
/* End PBXResourcesBuildPhase section */

/* Begin PBXSourcesBuildPhase section */
		32D6B92623109CFE006E75B2 /* Sources */ = {
			isa = PBXSourcesBuildPhase;
			buildActionMask = 2147483647;
			files = (
				DD52199F2314723500D64D22 /* ReceiptTableViewCell.swift in Sources */,
				32D6B94D23143F99006E75B2 /* LoginViewController.swift in Sources */,
				32D6B93023109CFE006E75B2 /* ReceiptListViewController.swift in Sources */,
				32D6B94B23142864006E75B2 /* ReceiptRepresentation.swift in Sources */,
				32D6B94423141E4C006E75B2 /* Receipt Tracking.xcdatamodeld in Sources */,
				32D6B97F2314A404006E75B2 /* KeychainItemAccessibility.swift in Sources */,
				32D6B957231442F1006E75B2 /* AddReceiptViewController.swift in Sources */,
				32D6B97D2314A2CA006E75B2 /* UserController.swift in Sources */,
				32D6B9812314A43C006E75B2 /* KeychainWrapper.swift in Sources */,
				32D6B95B231445F9006E75B2 /* ReceiptController.swift in Sources */,
				32D6B9872314B433006E75B2 /* UserDefaultsHelper.swift in Sources */,
				32D6B9792314A089006E75B2 /* UserRepresentation.swift in Sources */,
				32D6B97B2314A145006E75B2 /* User+Convenience.swift in Sources */,
				38C00DDA2314BA53002E0B56 /* AddView.swift in Sources */,
				32D6B97623149DE7006E75B2 /* EditReceiptViewController.swift in Sources */,
				38C2012D2314713E00775092 /* LoginView.swift in Sources */,
				32D6B92E23109CFE006E75B2 /* AppDelegate.swift in Sources */,
				32D6B94923142526006E75B2 /* Receipt+Convenience.swift in Sources */,
				32D6B9522314423E006E75B2 /* ReceiptDetailViewController.swift in Sources */,
				32D6B94723142444006E75B2 /* CoreDataStack.swift in Sources */,
				3834CCFB23146A2F007CB528 /* ColorKey.swift in Sources */,
			);
			runOnlyForDeploymentPostprocessing = 0;
		};
/* End PBXSourcesBuildPhase section */

/* Begin PBXVariantGroup section */
		32D6B93123109CFE006E75B2 /* ReceiptList.storyboard */ = {
			isa = PBXVariantGroup;
			children = (
				32D6B93223109CFE006E75B2 /* Base */,
			);
			name = ReceiptList.storyboard;
			sourceTree = "<group>";
		};
		32D6B93623109D00006E75B2 /* LaunchScreen.storyboard */ = {
			isa = PBXVariantGroup;
			children = (
				32D6B93723109D00006E75B2 /* Base */,
			);
			name = LaunchScreen.storyboard;
			sourceTree = "<group>";
		};
		32D6B94E23144177006E75B2 /* Login.storyboard */ = {
			isa = PBXVariantGroup;
			children = (
				32D6B94F23144177006E75B2 /* Base */,
			);
			name = Login.storyboard;
			sourceTree = "<group>";
		};
		32D6B9532314426F006E75B2 /* ReceiptDetail.storyboard */ = {
			isa = PBXVariantGroup;
			children = (
				32D6B9542314426F006E75B2 /* Base */,
			);
			name = ReceiptDetail.storyboard;
			sourceTree = "<group>";
		};
/* End PBXVariantGroup section */

/* Begin XCBuildConfiguration section */
		32D6B93A23109D00006E75B2 /* Debug */ = {
			isa = XCBuildConfiguration;
			buildSettings = {
				ALWAYS_SEARCH_USER_PATHS = NO;
				CLANG_ANALYZER_NONNULL = YES;
				CLANG_ANALYZER_NUMBER_OBJECT_CONVERSION = YES_AGGRESSIVE;
				CLANG_CXX_LANGUAGE_STANDARD = "gnu++14";
				CLANG_CXX_LIBRARY = "libc++";
				CLANG_ENABLE_MODULES = YES;
				CLANG_ENABLE_OBJC_ARC = YES;
				CLANG_ENABLE_OBJC_WEAK = YES;
				CLANG_WARN_BLOCK_CAPTURE_AUTORELEASING = YES;
				CLANG_WARN_BOOL_CONVERSION = YES;
				CLANG_WARN_COMMA = YES;
				CLANG_WARN_CONSTANT_CONVERSION = YES;
				CLANG_WARN_DEPRECATED_OBJC_IMPLEMENTATIONS = YES;
				CLANG_WARN_DIRECT_OBJC_ISA_USAGE = YES_ERROR;
				CLANG_WARN_DOCUMENTATION_COMMENTS = YES;
				CLANG_WARN_EMPTY_BODY = YES;
				CLANG_WARN_ENUM_CONVERSION = YES;
				CLANG_WARN_INFINITE_RECURSION = YES;
				CLANG_WARN_INT_CONVERSION = YES;
				CLANG_WARN_NON_LITERAL_NULL_CONVERSION = YES;
				CLANG_WARN_OBJC_IMPLICIT_RETAIN_SELF = YES;
				CLANG_WARN_OBJC_LITERAL_CONVERSION = YES;
				CLANG_WARN_OBJC_ROOT_CLASS = YES_ERROR;
				CLANG_WARN_RANGE_LOOP_ANALYSIS = YES;
				CLANG_WARN_STRICT_PROTOTYPES = YES;
				CLANG_WARN_SUSPICIOUS_MOVE = YES;
				CLANG_WARN_UNGUARDED_AVAILABILITY = YES_AGGRESSIVE;
				CLANG_WARN_UNREACHABLE_CODE = YES;
				CLANG_WARN__DUPLICATE_METHOD_MATCH = YES;
				CODE_SIGN_IDENTITY = "iPhone Developer";
				COPY_PHASE_STRIP = NO;
				DEBUG_INFORMATION_FORMAT = dwarf;
				ENABLE_STRICT_OBJC_MSGSEND = YES;
				ENABLE_TESTABILITY = YES;
				GCC_C_LANGUAGE_STANDARD = gnu11;
				GCC_DYNAMIC_NO_PIC = NO;
				GCC_NO_COMMON_BLOCKS = YES;
				GCC_OPTIMIZATION_LEVEL = 0;
				GCC_PREPROCESSOR_DEFINITIONS = (
					"DEBUG=1",
					"$(inherited)",
				);
				GCC_WARN_64_TO_32_BIT_CONVERSION = YES;
				GCC_WARN_ABOUT_RETURN_TYPE = YES_ERROR;
				GCC_WARN_UNDECLARED_SELECTOR = YES;
				GCC_WARN_UNINITIALIZED_AUTOS = YES_AGGRESSIVE;
				GCC_WARN_UNUSED_FUNCTION = YES;
				GCC_WARN_UNUSED_VARIABLE = YES;
				IPHONEOS_DEPLOYMENT_TARGET = 12.4;
				MTL_ENABLE_DEBUG_INFO = INCLUDE_SOURCE;
				MTL_FAST_MATH = YES;
				ONLY_ACTIVE_ARCH = YES;
				SDKROOT = iphoneos;
				SWIFT_ACTIVE_COMPILATION_CONDITIONS = DEBUG;
				SWIFT_OPTIMIZATION_LEVEL = "-Onone";
			};
			name = Debug;
		};
		32D6B93B23109D00006E75B2 /* Release */ = {
			isa = XCBuildConfiguration;
			buildSettings = {
				ALWAYS_SEARCH_USER_PATHS = NO;
				CLANG_ANALYZER_NONNULL = YES;
				CLANG_ANALYZER_NUMBER_OBJECT_CONVERSION = YES_AGGRESSIVE;
				CLANG_CXX_LANGUAGE_STANDARD = "gnu++14";
				CLANG_CXX_LIBRARY = "libc++";
				CLANG_ENABLE_MODULES = YES;
				CLANG_ENABLE_OBJC_ARC = YES;
				CLANG_ENABLE_OBJC_WEAK = YES;
				CLANG_WARN_BLOCK_CAPTURE_AUTORELEASING = YES;
				CLANG_WARN_BOOL_CONVERSION = YES;
				CLANG_WARN_COMMA = YES;
				CLANG_WARN_CONSTANT_CONVERSION = YES;
				CLANG_WARN_DEPRECATED_OBJC_IMPLEMENTATIONS = YES;
				CLANG_WARN_DIRECT_OBJC_ISA_USAGE = YES_ERROR;
				CLANG_WARN_DOCUMENTATION_COMMENTS = YES;
				CLANG_WARN_EMPTY_BODY = YES;
				CLANG_WARN_ENUM_CONVERSION = YES;
				CLANG_WARN_INFINITE_RECURSION = YES;
				CLANG_WARN_INT_CONVERSION = YES;
				CLANG_WARN_NON_LITERAL_NULL_CONVERSION = YES;
				CLANG_WARN_OBJC_IMPLICIT_RETAIN_SELF = YES;
				CLANG_WARN_OBJC_LITERAL_CONVERSION = YES;
				CLANG_WARN_OBJC_ROOT_CLASS = YES_ERROR;
				CLANG_WARN_RANGE_LOOP_ANALYSIS = YES;
				CLANG_WARN_STRICT_PROTOTYPES = YES;
				CLANG_WARN_SUSPICIOUS_MOVE = YES;
				CLANG_WARN_UNGUARDED_AVAILABILITY = YES_AGGRESSIVE;
				CLANG_WARN_UNREACHABLE_CODE = YES;
				CLANG_WARN__DUPLICATE_METHOD_MATCH = YES;
				CODE_SIGN_IDENTITY = "iPhone Developer";
				COPY_PHASE_STRIP = NO;
				DEBUG_INFORMATION_FORMAT = "dwarf-with-dsym";
				ENABLE_NS_ASSERTIONS = NO;
				ENABLE_STRICT_OBJC_MSGSEND = YES;
				GCC_C_LANGUAGE_STANDARD = gnu11;
				GCC_NO_COMMON_BLOCKS = YES;
				GCC_WARN_64_TO_32_BIT_CONVERSION = YES;
				GCC_WARN_ABOUT_RETURN_TYPE = YES_ERROR;
				GCC_WARN_UNDECLARED_SELECTOR = YES;
				GCC_WARN_UNINITIALIZED_AUTOS = YES_AGGRESSIVE;
				GCC_WARN_UNUSED_FUNCTION = YES;
				GCC_WARN_UNUSED_VARIABLE = YES;
				IPHONEOS_DEPLOYMENT_TARGET = 12.4;
				MTL_ENABLE_DEBUG_INFO = NO;
				MTL_FAST_MATH = YES;
				SDKROOT = iphoneos;
				SWIFT_COMPILATION_MODE = wholemodule;
				SWIFT_OPTIMIZATION_LEVEL = "-O";
				VALIDATE_PRODUCT = YES;
			};
			name = Release;
		};
		32D6B93D23109D00006E75B2 /* Debug */ = {
			isa = XCBuildConfiguration;
			buildSettings = {
				ASSETCATALOG_COMPILER_APPICON_NAME = AppIcon;
				CODE_SIGN_STYLE = Automatic;
				DEVELOPMENT_TEAM = "";
				INFOPLIST_FILE = "$(SRCROOT)/Receipt Tracking/Resources/Info.plist";
				IPHONEOS_DEPLOYMENT_TARGET = 12.1;
				LD_RUNPATH_SEARCH_PATHS = (
					"$(inherited)",
					"@executable_path/Frameworks",
				);
				PRODUCT_BUNDLE_IDENTIFIER = "com.jakeconnerly.Receipt-Tracking";
				PRODUCT_NAME = "$(TARGET_NAME)";
				SWIFT_VERSION = 5.0;
				TARGETED_DEVICE_FAMILY = "1,2";
			};
			name = Debug;
		};
		32D6B93E23109D00006E75B2 /* Release */ = {
			isa = XCBuildConfiguration;
			buildSettings = {
				ASSETCATALOG_COMPILER_APPICON_NAME = AppIcon;
				CODE_SIGN_STYLE = Automatic;
				DEVELOPMENT_TEAM = "";
				INFOPLIST_FILE = "$(SRCROOT)/Receipt Tracking/Resources/Info.plist";
				IPHONEOS_DEPLOYMENT_TARGET = 12.1;
				LD_RUNPATH_SEARCH_PATHS = (
					"$(inherited)",
					"@executable_path/Frameworks",
				);
				PRODUCT_BUNDLE_IDENTIFIER = "com.jakeconnerly.Receipt-Tracking";
				PRODUCT_NAME = "$(TARGET_NAME)";
				SWIFT_VERSION = 5.0;
				TARGETED_DEVICE_FAMILY = "1,2";
			};
			name = Release;
		};
/* End XCBuildConfiguration section */

/* Begin XCConfigurationList section */
		32D6B92523109CFE006E75B2 /* Build configuration list for PBXProject "Receipt Tracking" */ = {
			isa = XCConfigurationList;
			buildConfigurations = (
				32D6B93A23109D00006E75B2 /* Debug */,
				32D6B93B23109D00006E75B2 /* Release */,
			);
			defaultConfigurationIsVisible = 0;
			defaultConfigurationName = Release;
		};
		32D6B93C23109D00006E75B2 /* Build configuration list for PBXNativeTarget "Receipt Tracking" */ = {
			isa = XCConfigurationList;
			buildConfigurations = (
				32D6B93D23109D00006E75B2 /* Debug */,
				32D6B93E23109D00006E75B2 /* Release */,
			);
			defaultConfigurationIsVisible = 0;
			defaultConfigurationName = Release;
		};
/* End XCConfigurationList section */

/* Begin XCVersionGroup section */
		32D6B94223141E4C006E75B2 /* Receipt Tracking.xcdatamodeld */ = {
			isa = XCVersionGroup;
			children = (
				32A0A69E2317878D0049BD9C /* Receipt Tracking 4.xcdatamodel */,
				32D6B98C2315BFFC006E75B2 /* Receipt Tracking 3.xcdatamodel */,
				32D6B97723149F95006E75B2 /* Receipt Tracking 2.xcdatamodel */,
				32D6B94323141E4C006E75B2 /* Receipt Tracking.xcdatamodel */,
			);
			currentVersion = 32A0A69E2317878D0049BD9C /* Receipt Tracking 4.xcdatamodel */;
			path = "Receipt Tracking.xcdatamodeld";
			sourceTree = "<group>";
			versionGroupType = wrapper.xcdatamodel;
		};
/* End XCVersionGroup section */
	};
	rootObject = 32D6B92223109CFE006E75B2 /* Project object */;
}
